
Microsoft Visual Studio Solution File, Format Version 12.00
# Visual Studio Version 16
VisualStudioVersion = 16.0.29306.81
MinimumVisualStudioVersion = 10.0.40219.1
Project("{FAE04EC0-301F-11D3-BF4B-00C04F79EFBC}") = "StudentClient", "StudentClient\StudentClient.csproj", "{8D376F6C-9228-42AC-B81E-010BCD58C3DC}"
EndProject
Global
	GlobalSection(SolutionConfigurationPlatforms) = preSolution
		Debug|Any CPU = Debug|Any CPU
		Release|Any CPU = Release|Any CPU
	EndGlobalSection
	GlobalSection(ProjectConfigurationPlatforms) = postSolution
		{8D376F6C-9228-42AC-B81E-010BCD58C3DC}.Debug|Any CPU.ActiveCfg = Debug|Any CPU
		{8D376F6C-9228-42AC-B81E-010BCD58C3DC}.Debug|Any CPU.Build.0 = Debug|Any CPU
		{8D376F6C-9228-42AC-B81E-010BCD58C3DC}.Release|Any CPU.ActiveCfg = Release|Any CPU
		{8D376F6C-9228-42AC-B81E-010BCD58C3DC}.Release|Any CPU.Build.0 = Release|Any CPU
	EndGlobalSection
	GlobalSection(SolutionProperties) = preSolution
		HideSolutionNode = FALSE
	EndGlobalSection
	GlobalSection(ExtensibilityGlobals) = postSolution
		SolutionGuid = {A1426A68-5185-42A6-A75C-BF764062D39D}
	EndGlobalSection
EndGlobal
